
Microsoft Visual Studio Solution File, Format Version 12.00
# Visual Studio Version 17
VisualStudioVersion = 17.14.37216.2 d17.14
MinimumVisualStudioVersion = 10.0.40219.1
Project("{FAE04EC0-301F-11D3-BF4B-00C04F79EFBC}") = "lb9", "lb9\lb9.csproj", "{1A456374-2CB8-42C7-A4F8-346D1FC41187}"
EndProject
Global
	GlobalSection(SolutionConfigurationPlatforms) = preSolution
		Debug|Any CPU = Debug|Any CPU
		Release|Any CPU = Release|Any CPU
	EndGlobalSection
	GlobalSection(ProjectConfigurationPlatforms) = postSolution
		{1A456374-2CB8-42C7-A4F8-346D1FC41187}.Debug|Any CPU.ActiveCfg = Debug|Any CPU
		{1A456374-2CB8-42C7-A4F8-346D1FC41187}.Debug|Any CPU.Build.0 = Debug|Any CPU
		{1A456374-2CB8-42C7-A4F8-346D1FC41187}.Release|Any CPU.ActiveCfg = Release|Any CPU
		{1A456374-2CB8-42C7-A4F8-346D1FC41187}.Release|Any CPU.Build.0 = Release|Any CPU
	EndGlobalSection
	GlobalSection(SolutionProperties) = preSolution
		HideSolutionNode = FALSE
	EndGlobalSection
	GlobalSection(ExtensibilityGlobals) = postSolution
		SolutionGuid = {C908E0BF-0430-48D3-951B-C09A1603CDC2}
	EndGlobalSection
EndGlobal
