
Microsoft Visual Studio Solution File, Format Version 12.00
# Visual Studio Version 17
VisualStudioVersion = 17.14.37216.2
MinimumVisualStudioVersion = 10.0.40219.1
Project("{FAE04EC0-301F-11D3-BF4B-00C04F79EFBC}") = "lb10", "lb10\lb10.csproj", "{1BD522FA-F02E-4831-957C-A43929EE5D4C}"
EndProject
Project("{FAE04EC0-301F-11D3-BF4B-00C04F79EFBC}") = "lb10_2", "lb10_2\lb10_2.csproj", "{CDF3DDB7-1013-4638-915C-26CAFF2F670F}"
EndProject
Project("{FAE04EC0-301F-11D3-BF4B-00C04F79EFBC}") = "lb10_3", "lb10_3\lb10_3.csproj", "{F09B2051-FC09-4584-8990-2E3C410D714B}"
EndProject
Global
	GlobalSection(SolutionConfigurationPlatforms) = preSolution
		Debug|Any CPU = Debug|Any CPU
		Release|Any CPU = Release|Any CPU
	EndGlobalSection
	GlobalSection(ProjectConfigurationPlatforms) = postSolution
		{1BD522FA-F02E-4831-957C-A43929EE5D4C}.Debug|Any CPU.ActiveCfg = Debug|Any CPU
		{1BD522FA-F02E-4831-957C-A43929EE5D4C}.Debug|Any CPU.Build.0 = Debug|Any CPU
		{1BD522FA-F02E-4831-957C-A43929EE5D4C}.Release|Any CPU.ActiveCfg = Release|Any CPU
		{1BD522FA-F02E-4831-957C-A43929EE5D4C}.Release|Any CPU.Build.0 = Release|Any CPU
		{CDF3DDB7-1013-4638-915C-26CAFF2F670F}.Debug|Any CPU.ActiveCfg = Debug|Any CPU
		{CDF3DDB7-1013-4638-915C-26CAFF2F670F}.Debug|Any CPU.Build.0 = Debug|Any CPU
		{CDF3DDB7-1013-4638-915C-26CAFF2F670F}.Release|Any CPU.ActiveCfg = Release|Any CPU
		{CDF3DDB7-1013-4638-915C-26CAFF2F670F}.Release|Any CPU.Build.0 = Release|Any CPU
		{F09B2051-FC09-4584-8990-2E3C410D714B}.Debug|Any CPU.ActiveCfg = Debug|Any CPU
		{F09B2051-FC09-4584-8990-2E3C410D714B}.Debug|Any CPU.Build.0 = Debug|Any CPU
		{F09B2051-FC09-4584-8990-2E3C410D714B}.Release|Any CPU.ActiveCfg = Release|Any CPU
		{F09B2051-FC09-4584-8990-2E3C410D714B}.Release|Any CPU.Build.0 = Release|Any CPU
	EndGlobalSection
	GlobalSection(SolutionProperties) = preSolution
		HideSolutionNode = FALSE
	EndGlobalSection
	GlobalSection(ExtensibilityGlobals) = postSolution
		SolutionGuid = {1F1A5129-8307-40E1-9B4E-4B5A4671173E}
	EndGlobalSection
EndGlobal
