
Microsoft Visual Studio Solution File, Format Version 12.00
# Visual Studio Version 17
VisualStudioVersion = 17.14.37216.2
MinimumVisualStudioVersion = 10.0.40219.1
Project("{FAE04EC0-301F-11D3-BF4B-00C04F79EFBC}") = "lb8", "lb8\lb8.csproj", "{5FEB4873-CC86-4839-8E9B-E5377C82AEC4}"
EndProject
Project("{FAE04EC0-301F-11D3-BF4B-00C04F79EFBC}") = "lb8_2", "lb8_2\lb8_2.csproj", "{5D7590D1-3D6E-436E-A3EA-91391234DD42}"
EndProject
Global
	GlobalSection(SolutionConfigurationPlatforms) = preSolution
		Debug|Any CPU = Debug|Any CPU
		Release|Any CPU = Release|Any CPU
	EndGlobalSection
	GlobalSection(ProjectConfigurationPlatforms) = postSolution
		{5FEB4873-CC86-4839-8E9B-E5377C82AEC4}.Debug|Any CPU.ActiveCfg = Debug|Any CPU
		{5FEB4873-CC86-4839-8E9B-E5377C82AEC4}.Debug|Any CPU.Build.0 = Debug|Any CPU
		{5FEB4873-CC86-4839-8E9B-E5377C82AEC4}.Release|Any CPU.ActiveCfg = Release|Any CPU
		{5FEB4873-CC86-4839-8E9B-E5377C82AEC4}.Release|Any CPU.Build.0 = Release|Any CPU
		{5D7590D1-3D6E-436E-A3EA-91391234DD42}.Debug|Any CPU.ActiveCfg = Debug|Any CPU
		{5D7590D1-3D6E-436E-A3EA-91391234DD42}.Debug|Any CPU.Build.0 = Debug|Any CPU
		{5D7590D1-3D6E-436E-A3EA-91391234DD42}.Release|Any CPU.ActiveCfg = Release|Any CPU
		{5D7590D1-3D6E-436E-A3EA-91391234DD42}.Release|Any CPU.Build.0 = Release|Any CPU
	EndGlobalSection
	GlobalSection(SolutionProperties) = preSolution
		HideSolutionNode = FALSE
	EndGlobalSection
	GlobalSection(ExtensibilityGlobals) = postSolution
		SolutionGuid = {DD23141C-B548-41C0-AA37-6C5AED1DB245}
	EndGlobalSection
EndGlobal
